
Microsoft Visual Studio Solution File, Format Version 12.00
# Visual Studio Version 17
VisualStudioVersion = 17.0.31903.59
MinimumVisualStudioVersion = 10.0.40219.1
Project("{2150E333-8FDC-42A3-9474-1A3956D46DE8}") = "src", "src", "{031B4B9C-4962-4738-96C3-A03EFEDF45FE}"
EndProject
Project("{FAE04EC0-301F-11D3-BF4B-00C04F79EFBC}") = "SharpCLI", "src\SharpCLI\SharpCLI.csproj", "{B12B52DB-FBC5-4E6D-9366-D84B34703E01}"
EndProject
Project("{2150E333-8FDC-42A3-9474-1A3956D46DE8}") = "artifacts", "artifacts", "{2C378BF0-F9AA-42DD-A098-54F1F64ED42A}"
EndProject
Project("{2150E333-8FDC-42A3-9474-1A3956D46DE8}") = ".github/workflows", ".github/workflows", "{89CF2027-24B3-49A7-98BD-C5D304F82D17}"
	ProjectSection(SolutionItems) = preProject
		.github\workflows\publish.yml = .github\workflows\publish.yml
		.github\workflows\sonar-analyze.yml = .github\workflows\sonar-analyze.yml
	EndProjectSection
EndProject
Project("{2150E333-8FDC-42A3-9474-1A3956D46DE8}") = "samples", "samples", "{42FCB88A-5A5C-49C1-A1A3-41A02E11063C}"
	ProjectSection(SolutionItems) = preProject
		samples\SharpCLI.Samples.sln = samples\SharpCLI.Samples.sln
	EndProjectSection
EndProject
Project("{FAE04EC0-301F-11D3-BF4B-00C04F79EFBC}") = "SharpCLI.Samples.StaticMethods", "samples\SharpCLI.Samples.StaticMethods\SharpCLI.Samples.StaticMethods.csproj", "{DFC22141-219A-4883-BD23-08F68DFF3D19}"
EndProject
Project("{FAE04EC0-301F-11D3-BF4B-00C04F79EFBC}") = "SharpCLI.Samples.NonStaticMethods", "samples\SharpCLI.Samples.NonStaticMethods\SharpCLI.Samples.NonStaticMethods.csproj", "{F643E497-1164-4507-B187-D0D16B786565}"
EndProject
Project("{2150E333-8FDC-42A3-9474-1A3956D46DE8}") = "tests", "tests", "{3556E96B-636C-4F2B-AC0E-E82E1C0E9A20}"
EndProject
Project("{FAE04EC0-301F-11D3-BF4B-00C04F79EFBC}") = "SharpCLI.Tests.UnitTests", "tests\SharpCLI.Tests.UnitTests\SharpCLI.Tests.UnitTests.csproj", "{4D3119EA-77C1-46D4-8A10-094DD4C7F670}"
EndProject
Project("{2150E333-8FDC-42A3-9474-1A3956D46DE8}") = "benchmarks", "benchmarks", "{EA8536E6-34CC-4DD8-B1A2-9C06B73CBC10}"
EndProject
Project("{FAE04EC0-301F-11D3-BF4B-00C04F79EFBC}") = "SharpCLI.Benchmarks", "benchmarks\SharpCLI.Benchmarks\SharpCLI.Benchmarks.csproj", "{61259641-5DAD-4B73-BEC7-574974505FAC}"
EndProject
Global
	GlobalSection(SolutionConfigurationPlatforms) = preSolution
		Debug|Any CPU = Debug|Any CPU
		Release|Any CPU = Release|Any CPU
	EndGlobalSection
	GlobalSection(SolutionProperties) = preSolution
		HideSolutionNode = FALSE
	EndGlobalSection
	GlobalSection(NestedProjects) = preSolution
		{B12B52DB-FBC5-4E6D-9366-D84B34703E01} = {031B4B9C-4962-4738-96C3-A03EFEDF45FE}
		{DFC22141-219A-4883-BD23-08F68DFF3D19} = {42FCB88A-5A5C-49C1-A1A3-41A02E11063C}
		{F643E497-1164-4507-B187-D0D16B786565} = {42FCB88A-5A5C-49C1-A1A3-41A02E11063C}
		{4D3119EA-77C1-46D4-8A10-094DD4C7F670} = {3556E96B-636C-4F2B-AC0E-E82E1C0E9A20}
		{61259641-5DAD-4B73-BEC7-574974505FAC} = {EA8536E6-34CC-4DD8-B1A2-9C06B73CBC10}
	EndGlobalSection
	GlobalSection(ProjectConfigurationPlatforms) = postSolution
		{B12B52DB-FBC5-4E6D-9366-D84B34703E01}.Debug|Any CPU.ActiveCfg = Debug|Any CPU
		{B12B52DB-FBC5-4E6D-9366-D84B34703E01}.Debug|Any CPU.Build.0 = Debug|Any CPU
		{B12B52DB-FBC5-4E6D-9366-D84B34703E01}.Release|Any CPU.ActiveCfg = Release|Any CPU
		{B12B52DB-FBC5-4E6D-9366-D84B34703E01}.Release|Any CPU.Build.0 = Release|Any CPU
		{DFC22141-219A-4883-BD23-08F68DFF3D19}.Debug|Any CPU.ActiveCfg = Debug|Any CPU
		{DFC22141-219A-4883-BD23-08F68DFF3D19}.Debug|Any CPU.Build.0 = Debug|Any CPU
		{DFC22141-219A-4883-BD23-08F68DFF3D19}.Release|Any CPU.ActiveCfg = Release|Any CPU
		{DFC22141-219A-4883-BD23-08F68DFF3D19}.Release|Any CPU.Build.0 = Release|Any CPU
		{F643E497-1164-4507-B187-D0D16B786565}.Debug|Any CPU.ActiveCfg = Debug|Any CPU
		{F643E497-1164-4507-B187-D0D16B786565}.Debug|Any CPU.Build.0 = Debug|Any CPU
		{F643E497-1164-4507-B187-D0D16B786565}.Release|Any CPU.ActiveCfg = Release|Any CPU
		{F643E497-1164-4507-B187-D0D16B786565}.Release|Any CPU.Build.0 = Release|Any CPU
		{4D3119EA-77C1-46D4-8A10-094DD4C7F670}.Debug|Any CPU.ActiveCfg = Debug|Any CPU
		{4D3119EA-77C1-46D4-8A10-094DD4C7F670}.Debug|Any CPU.Build.0 = Debug|Any CPU
		{4D3119EA-77C1-46D4-8A10-094DD4C7F670}.Release|Any CPU.ActiveCfg = Release|Any CPU
		{4D3119EA-77C1-46D4-8A10-094DD4C7F670}.Release|Any CPU.Build.0 = Release|Any CPU
		{61259641-5DAD-4B73-BEC7-574974505FAC}.Debug|Any CPU.ActiveCfg = Debug|Any CPU
		{61259641-5DAD-4B73-BEC7-574974505FAC}.Debug|Any CPU.Build.0 = Debug|Any CPU
		{61259641-5DAD-4B73-BEC7-574974505FAC}.Release|Any CPU.ActiveCfg = Release|Any CPU
		{61259641-5DAD-4B73-BEC7-574974505FAC}.Release|Any CPU.Build.0 = Release|Any CPU
	EndGlobalSection
EndGlobal
