
Microsoft Visual Studio Solution File, Format Version 12.00
# Visual Studio Version 17
VisualStudioVersion = 17.0.31903.59
MinimumVisualStudioVersion = 10.0.40219.1
Project("{FAE04EC0-301F-11D3-BF4B-00C04F79EFBC}") = "SharpCLI.Samples.DotnetCore.MinimalApi", "SharpCLI.Samples.DotnetCore.MinimalApi\SharpCLI.Samples.DotnetCore.MinimalApi.csproj", "{9F3F4B7B-E700-41E8-87CD-A376D7A8D574}"
EndProject
Project("{FAE04EC0-301F-11D3-BF4B-00C04F79EFBC}") = "SharpCLI.Samples.DotnetFramework472", "SharpCLI.Samples.DotnetFramework472\SharpCLI.Samples.DotnetFramework472.csproj", "{72794DE4-B078-4681-AA46-9D12DD599E96}"
EndProject
Global
	GlobalSection(SolutionConfigurationPlatforms) = preSolution
		Debug|Any CPU = Debug|Any CPU
		Release|Any CPU = Release|Any CPU
	EndGlobalSection
	GlobalSection(SolutionProperties) = preSolution
		HideSolutionNode = FALSE
	EndGlobalSection
	GlobalSection(ProjectConfigurationPlatforms) = postSolution
		{9F3F4B7B-E700-41E8-87CD-A376D7A8D574}.Debug|Any CPU.ActiveCfg = Debug|Any CPU
		{9F3F4B7B-E700-41E8-87CD-A376D7A8D574}.Debug|Any CPU.Build.0 = Debug|Any CPU
		{9F3F4B7B-E700-41E8-87CD-A376D7A8D574}.Release|Any CPU.ActiveCfg = Release|Any CPU
		{9F3F4B7B-E700-41E8-87CD-A376D7A8D574}.Release|Any CPU.Build.0 = Release|Any CPU
		{72794DE4-B078-4681-AA46-9D12DD599E96}.Debug|Any CPU.ActiveCfg = Debug|Any CPU
		{72794DE4-B078-4681-AA46-9D12DD599E96}.Debug|Any CPU.Build.0 = Debug|Any CPU
		{72794DE4-B078-4681-AA46-9D12DD599E96}.Release|Any CPU.ActiveCfg = Release|Any CPU
		{72794DE4-B078-4681-AA46-9D12DD599E96}.Release|Any CPU.Build.0 = Release|Any CPU
	EndGlobalSection
EndGlobal
